
Microsoft Visual Studio Solution File, Format Version 12.00
Project("{FAE04EC0-301F-11D3-BF4B-00C04F79EFBC}") = "ABJAD.InterpretEngine", "ABJAD.InterpretEngine\ABJAD.InterpretEngine.csproj", "{9B804A3D-5197-4922-850C-EA422762F9E7}"
EndProject
Project("{FAE04EC0-301F-11D3-BF4B-00C04F79EFBC}") = "ABJAD.InterpretEngine.Test", "ABJAD.InterpretEngine.Test\ABJAD.InterpretEngine.Test.csproj", "{D980847E-32EF-42C7-9BF1-ECFB505020D4}"
EndProject
Project("{2150E333-8FDC-42A3-9474-1A3956D46DE8}") = "assets", "assets", "{FF66425F-432B-48D8-8831-0BC1ECFF9A97}"
	ProjectSection(SolutionItems) = preProject
		.github\workflows\ci.yml = .github\workflows\ci.yml
		Dockerfile = Dockerfile
	EndProjectSection
EndProject
Project("{FAE04EC0-301F-11D3-BF4B-00C04F79EFBC}") = "ABJAD.InterpretEngine.Service", "ABJAD.InterpretEngine.Service\ABJAD.InterpretEngine.Service.csproj", "{2A701C53-4EED-4810-9518-C5DC2E2AF614}"
EndProject
Project("{FAE04EC0-301F-11D3-BF4B-00C04F79EFBC}") = "ABJAD.InterpretEngine.Service.Test", "ABJAD.InterpretEngine.Service.Test\ABJAD.InterpretEngine.Service.Test.csproj", "{A93C4E3D-87F1-4787-95C4-32CC211EFFAA}"
EndProject
Global
	GlobalSection(SolutionConfigurationPlatforms) = preSolution
		Debug|Any CPU = Debug|Any CPU
		Release|Any CPU = Release|Any CPU
	EndGlobalSection
	GlobalSection(ProjectConfigurationPlatforms) = postSolution
		{9B804A3D-5197-4922-850C-EA422762F9E7}.Debug|Any CPU.ActiveCfg = Debug|Any CPU
		{9B804A3D-5197-4922-850C-EA422762F9E7}.Debug|Any CPU.Build.0 = Debug|Any CPU
		{9B804A3D-5197-4922-850C-EA422762F9E7}.Release|Any CPU.ActiveCfg = Release|Any CPU
		{9B804A3D-5197-4922-850C-EA422762F9E7}.Release|Any CPU.Build.0 = Release|Any CPU
		{D980847E-32EF-42C7-9BF1-ECFB505020D4}.Debug|Any CPU.ActiveCfg = Debug|Any CPU
		{D980847E-32EF-42C7-9BF1-ECFB505020D4}.Debug|Any CPU.Build.0 = Debug|Any CPU
		{D980847E-32EF-42C7-9BF1-ECFB505020D4}.Release|Any CPU.ActiveCfg = Release|Any CPU
		{D980847E-32EF-42C7-9BF1-ECFB505020D4}.Release|Any CPU.Build.0 = Release|Any CPU
		{2A701C53-4EED-4810-9518-C5DC2E2AF614}.Debug|Any CPU.ActiveCfg = Debug|Any CPU
		{2A701C53-4EED-4810-9518-C5DC2E2AF614}.Debug|Any CPU.Build.0 = Debug|Any CPU
		{2A701C53-4EED-4810-9518-C5DC2E2AF614}.Release|Any CPU.ActiveCfg = Release|Any CPU
		{2A701C53-4EED-4810-9518-C5DC2E2AF614}.Release|Any CPU.Build.0 = Release|Any CPU
		{A93C4E3D-87F1-4787-95C4-32CC211EFFAA}.Debug|Any CPU.ActiveCfg = Debug|Any CPU
		{A93C4E3D-87F1-4787-95C4-32CC211EFFAA}.Debug|Any CPU.Build.0 = Debug|Any CPU
		{A93C4E3D-87F1-4787-95C4-32CC211EFFAA}.Release|Any CPU.ActiveCfg = Release|Any CPU
		{A93C4E3D-87F1-4787-95C4-32CC211EFFAA}.Release|Any CPU.Build.0 = Release|Any CPU
	EndGlobalSection
EndGlobal
